
Microsoft Visual Studio Solution File, Format Version 12.00
# Visual Studio Version 16
VisualStudioVersion = 16.0.30804.86
MinimumVisualStudioVersion = 10.0.40219.1
Project("{FAE04EC0-301F-11D3-BF4B-00C04F79EFBC}") = "CSharpPOC1", "CSharpPOC1\CSharpPOC1.csproj", "{FEA81224-6547-453E-822F-EC61B3997081}"
EndProject
Global
	GlobalSection(SolutionConfigurationPlatforms) = preSolution
		Debug|Any CPU = Debug|Any CPU
		Release|Any CPU = Release|Any CPU
	EndGlobalSection
	GlobalSection(ProjectConfigurationPlatforms) = postSolution
		{FEA81224-6547-453E-822F-EC61B3997081}.Debug|Any CPU.ActiveCfg = Debug|Any CPU
		{FEA81224-6547-453E-822F-EC61B3997081}.Debug|Any CPU.Build.0 = Debug|Any CPU
		{FEA81224-6547-453E-822F-EC61B3997081}.Release|Any CPU.ActiveCfg = Release|Any CPU
		{FEA81224-6547-453E-822F-EC61B3997081}.Release|Any CPU.Build.0 = Release|Any CPU
	EndGlobalSection
	GlobalSection(SolutionProperties) = preSolution
		HideSolutionNode = FALSE
	EndGlobalSection
	GlobalSection(ExtensibilityGlobals) = postSolution
		SolutionGuid = {BB04E215-2B3F-4A49-A752-44ED0516A03C}
	EndGlobalSection
EndGlobal
